{
  "object": {
    "pins": [
      {
        "package": "swift-argument-parser",
        "repositoryURL": "https://github.com/apple/swift-argument-parser",
        "state": {
          "branch": null,
          "revision": "d2930e8fcf9c33162b9fcc1d522bc975e2d4179b",
          "version": "1.0.1"
        }
      },
      {
        "package": "cmark-gfm",
        "repositoryURL": "https://github.com/apple/swift-cmark.git",
        "state": {
          "branch": "gfm",
          "revision": "476f7b4fcf12eba381b4aaed8987006fd8fcec9c",
          "version": null
        }
      },
      {
        "package": "swift-crypto",
        "repositoryURL": "https://github.com/apple/swift-crypto.git",
        "state": {
          "branch": null,
          "revision": "9680b7251cd2be22caaed8f1468bd9e8915a62fb",
          "version": "1.1.2"
        }
      },
      {
        "package": "SwiftDocCPlugin",
        "repositoryURL": "https://github.com/apple/swift-docc-plugin",
        "state": {
          "branch": null,
          "revision": "3303b164430d9a7055ba484c8ead67a52f7b74f6",
          "version": "1.0.0"
        }
      },
      {
        "package": "SymbolKit",
        "repositoryURL": "https://github.com/d-ronnqvist/swift-docc-symbolkit",
        "state": {
          "branch": "decode-doc-comment-module-info",
          "revision": "9debc422ffe92a09c1ff8469bd11a4575facbfde",
          "version": null
        }
      },
      {
        "package": "CLMDB",
        "repositoryURL": "https://github.com/apple/swift-lmdb.git",
        "state": {
          "branch": "main",
          "revision": "584941b1236b15bad74d8163785d389c028b1ad8",
          "version": null
        }
      },
      {
        "package": "swift-markdown",
        "repositoryURL": "https://github.com/apple/swift-markdown.git",
        "state": {
          "branch": "main",
          "revision": "573e9a307799a2a683899bf1b702c308ef35660b",
          "version": null
        }
      },
      {
        "package": "swift-nio",
        "repositoryURL": "https://github.com/apple/swift-nio.git",
        "state": {
          "branch": null,
          "revision": "1d425b0851ffa2695d488cce1d68df2539f42500",
          "version": "2.31.2"
        }
      },
      {
        "package": "swift-nio-ssl",
        "repositoryURL": "https://github.com/apple/swift-nio-ssl.git",
        "state": {
          "branch": null,
          "revision": "2e74773972bd6254c41ceeda827f229bccbf1c0f",
          "version": "2.15.0"
        }
      }
    ]
  },
  "version": 1
}
